// !$*UTF8*$!
{
	archiveVersion = 1;
	classes = {
	};
	objectVersion = 46;
	objects = {

/* Begin PBXBuildFile section */
		C20E3D3F1DD1E696009D63A8 /* libHyphenateSDK.a in Frameworks */ = {isa = PBXBuildFile; fileRef = C20E3D3E1DD1E696009D63A8 /* libHyphenateSDK.a */; };
		C20E3D431DD1EC8B009D63A8 /* CoreMedia.framework in Frameworks */ = {isa = PBXBuildFile; fileRef = C20E3D421DD1EC8B009D63A8 /* CoreMedia.framework */; };
		C20E3D451DD1EC97009D63A8 /* AudioToolbox.framework in Frameworks */ = {isa = PBXBuildFile; fileRef = C20E3D441DD1EC97009D63A8 /* AudioToolbox.framework */; };
		C20E3D471DD1ECA2009D63A8 /* AVFoundation.framework in Frameworks */ = {isa = PBXBuildFile; fileRef = C20E3D461DD1ECA2009D63A8 /* AVFoundation.framework */; };
		C20E3D491DD1ECAD009D63A8 /* MobileCoreServices.framework in Frameworks */ = {isa = PBXBuildFile; fileRef = C20E3D481DD1ECAD009D63A8 /* MobileCoreServices.framework */; };
		C20E3D4B1DD1ECBA009D63A8 /* ImageIO.framework in Frameworks */ = {isa = PBXBuildFile; fileRef = C20E3D4A1DD1ECBA009D63A8 /* ImageIO.framework */; };
		C20E3D4D1DD1ECDD009D63A8 /* libc++.tbd in Frameworks */ = {isa = PBXBuildFile; fileRef = C20E3D4C1DD1ECDD009D63A8 /* libc++.tbd */; };
		C20E3D4F1DD1ECEF009D63A8 /* libz.tbd in Frameworks */ = {isa = PBXBuildFile; fileRef = C20E3D4E1DD1ECEF009D63A8 /* libz.tbd */; };
		C20E3D511DD1ED01009D63A8 /* libstdc++.6.0.9.tbd in Frameworks */ = {isa = PBXBuildFile; fileRef = C20E3D501DD1ED01009D63A8 /* libstdc++.6.0.9.tbd */; };
		C20E3D531DD1ED1E009D63A8 /* libsqlite3.tbd in Frameworks */ = {isa = PBXBuildFile; fileRef = C20E3D521DD1ED1E009D63A8 /* libsqlite3.tbd */; };
		C20E3D571DD1F406009D63A8 /* CCQLoginViewController.m in Sources */ = {isa = PBXBuildFile; fileRef = C20E3D561DD1F406009D63A8 /* CCQLoginViewController.m */; };
		C258E2BD1DD1DDE6003C5763 /* main.m in Sources */ = {isa = PBXBuildFile; fileRef = C258E2BC1DD1DDE6003C5763 /* main.m */; };
		C258E2C01DD1DDE6003C5763 /* AppDelegate.m in Sources */ = {isa = PBXBuildFile; fileRef = C258E2BF1DD1DDE6003C5763 /* AppDelegate.m */; };
		C258E2C31DD1DDE6003C5763 /* ViewController.m in Sources */ = {isa = PBXBuildFile; fileRef = C258E2C21DD1DDE6003C5763 /* ViewController.m */; };
		C258E2C61DD1DDE6003C5763 /* Main.storyboard in Resources */ = {isa = PBXBuildFile; fileRef = C258E2C41DD1DDE6003C5763 /* Main.storyboard */; };
		C258E2C81DD1DDE6003C5763 /* Assets.xcassets in Resources */ = {isa = PBXBuildFile; fileRef = C258E2C71DD1DDE6003C5763 /* Assets.xcassets */; };
		C258E2CB1DD1DDE6003C5763 /* LaunchScreen.storyboard in Resources */ = {isa = PBXBuildFile; fileRef = C258E2C91DD1DDE6003C5763 /* LaunchScreen.storyboard */; };
/* End PBXBuildFile section */

/* Begin PBXFileReference section */
		C20E3D1E1DD1E695009D63A8 /* EMChatManagerDelegate.h */ = {isa = PBXFileReference; fileEncoding = 4; lastKnownFileType = sourcecode.c.h; path = EMChatManagerDelegate.h; sourceTree = "<group>"; };
		C20E3D1F1DD1E695009D63A8 /* EMChatroom.h */ = {isa = PBXFileReference; fileEncoding = 4; lastKnownFileType = sourcecode.c.h; path = EMChatroom.h; sourceTree = "<group>"; };
		C20E3D201DD1E695009D63A8 /* EMChatroomManagerDelegate.h */ = {isa = PBXFileReference; fileEncoding = 4; lastKnownFileType = sourcecode.c.h; path = EMChatroomManagerDelegate.h; sourceTree = "<group>"; };
		C20E3D211DD1E695009D63A8 /* EMClient.h */ = {isa = PBXFileReference; fileEncoding = 4; lastKnownFileType = sourcecode.c.h; path = EMClient.h; sourceTree = "<group>"; };
		C20E3D221DD1E695009D63A8 /* EMClientDelegate.h */ = {isa = PBXFileReference; fileEncoding = 4; lastKnownFileType = sourcecode.c.h; path = EMClientDelegate.h; sourceTree = "<group>"; };
		C20E3D231DD1E695009D63A8 /* EMCmdMessageBody.h */ = {isa = PBXFileReference; fileEncoding = 4; lastKnownFileType = sourcecode.c.h; path = EMCmdMessageBody.h; sourceTree = "<group>"; };
		C20E3D241DD1E695009D63A8 /* EMCommonDefs.h */ = {isa = PBXFileReference; fileEncoding = 4; lastKnownFileType = sourcecode.c.h; path = EMCommonDefs.h; sourceTree = "<group>"; };
		C20E3D251DD1E695009D63A8 /* EMContactManagerDelegate.h */ = {isa = PBXFileReference; fileEncoding = 4; lastKnownFileType = sourcecode.c.h; path = EMContactManagerDelegate.h; sourceTree = "<group>"; };
		C20E3D261DD1E695009D63A8 /* EMConversation.h */ = {isa = PBXFileReference; fileEncoding = 4; lastKnownFileType = sourcecode.c.h; path = EMConversation.h; sourceTree = "<group>"; };
		C20E3D271DD1E695009D63A8 /* EMCursorResult.h */ = {isa = PBXFileReference; fileEncoding = 4; lastKnownFileType = sourcecode.c.h; path = EMCursorResult.h; sourceTree = "<group>"; };
		C20E3D281DD1E695009D63A8 /* EMError.h */ = {isa = PBXFileReference; fileEncoding = 4; lastKnownFileType = sourcecode.c.h; path = EMError.h; sourceTree = "<group>"; };
		C20E3D291DD1E695009D63A8 /* EMErrorCode.h */ = {isa = PBXFileReference; fileEncoding = 4; lastKnownFileType = sourcecode.c.h; path = EMErrorCode.h; sourceTree = "<group>"; };
		C20E3D2A1DD1E695009D63A8 /* EMFileMessageBody.h */ = {isa = PBXFileReference; fileEncoding = 4; lastKnownFileType = sourcecode.c.h; path = EMFileMessageBody.h; sourceTree = "<group>"; };
		C20E3D2B1DD1E696009D63A8 /* EMGroup.h */ = {isa = PBXFileReference; fileEncoding = 4; lastKnownFileType = sourcecode.c.h; path = EMGroup.h; sourceTree = "<group>"; };
		C20E3D2C1DD1E696009D63A8 /* EMGroupManagerDelegate.h */ = {isa = PBXFileReference; fileEncoding = 4; lastKnownFileType = sourcecode.c.h; path = EMGroupManagerDelegate.h; sourceTree = "<group>"; };
		C20E3D2D1DD1E696009D63A8 /* EMGroupOptions.h */ = {isa = PBXFileReference; fileEncoding = 4; lastKnownFileType = sourcecode.c.h; path = EMGroupOptions.h; sourceTree = "<group>"; };
		C20E3D2E1DD1E696009D63A8 /* EMImageMessageBody.h */ = {isa = PBXFileReference; fileEncoding = 4; lastKnownFileType = sourcecode.c.h; path = EMImageMessageBody.h; sourceTree = "<group>"; };
		C20E3D2F1DD1E696009D63A8 /* EMLocationMessageBody.h */ = {isa = PBXFileReference; fileEncoding = 4; lastKnownFileType = sourcecode.c.h; path = EMLocationMessageBody.h; sourceTree = "<group>"; };
		C20E3D301DD1E696009D63A8 /* EMMessage.h */ = {isa = PBXFileReference; fileEncoding = 4; lastKnownFileType = sourcecode.c.h; path = EMMessage.h; sourceTree = "<group>"; };
		C20E3D311DD1E696009D63A8 /* EMMessageBody.h */ = {isa = PBXFileReference; fileEncoding = 4; lastKnownFileType = sourcecode.c.h; path = EMMessageBody.h; sourceTree = "<group>"; };
		C20E3D321DD1E696009D63A8 /* EMOptions+PrivateDeploy.h */ = {isa = PBXFileReference; fileEncoding = 4; lastKnownFileType = sourcecode.c.h; path = "EMOptions+PrivateDeploy.h"; sourceTree = "<group>"; };
		C20E3D331DD1E696009D63A8 /* EMOptions.h */ = {isa = PBXFileReference; fileEncoding = 4; lastKnownFileType = sourcecode.c.h; path = EMOptions.h; sourceTree = "<group>"; };
		C20E3D341DD1E696009D63A8 /* EMPushOptions.h */ = {isa = PBXFileReference; fileEncoding = 4; lastKnownFileType = sourcecode.c.h; path = EMPushOptions.h; sourceTree = "<group>"; };
		C20E3D351DD1E696009D63A8 /* EMSDK.h */ = {isa = PBXFileReference; fileEncoding = 4; lastKnownFileType = sourcecode.c.h; path = EMSDK.h; sourceTree = "<group>"; };
		C20E3D361DD1E696009D63A8 /* EMTextMessageBody.h */ = {isa = PBXFileReference; fileEncoding = 4; lastKnownFileType = sourcecode.c.h; path = EMTextMessageBody.h; sourceTree = "<group>"; };
		C20E3D371DD1E696009D63A8 /* EMVideoMessageBody.h */ = {isa = PBXFileReference; fileEncoding = 4; lastKnownFileType = sourcecode.c.h; path = EMVideoMessageBody.h; sourceTree = "<group>"; };
		C20E3D381DD1E696009D63A8 /* EMVoiceMessageBody.h */ = {isa = PBXFileReference; fileEncoding = 4; lastKnownFileType = sourcecode.c.h; path = EMVoiceMessageBody.h; sourceTree = "<group>"; };
		C20E3D391DD1E696009D63A8 /* IEMChatManager.h */ = {isa = PBXFileReference; fileEncoding = 4; lastKnownFileType = sourcecode.c.h; path = IEMChatManager.h; sourceTree = "<group>"; };
		C20E3D3A1DD1E696009D63A8 /* IEMChatroomManager.h */ = {isa = PBXFileReference; fileEncoding = 4; lastKnownFileType = sourcecode.c.h; path = IEMChatroomManager.h; sourceTree = "<group>"; };
		C20E3D3B1DD1E696009D63A8 /* IEMContactManager.h */ = {isa = PBXFileReference; fileEncoding = 4; lastKnownFileType = sourcecode.c.h; path = IEMContactManager.h; sourceTree = "<group>"; };
		C20E3D3C1DD1E696009D63A8 /* IEMGroupManager.h */ = {isa = PBXFileReference; fileEncoding = 4; lastKnownFileType = sourcecode.c.h; path = IEMGroupManager.h; sourceTree = "<group>"; };
		C20E3D3E1DD1E696009D63A8 /* libHyphenateSDK.a */ = {isa = PBXFileReference; lastKnownFileType = archive.ar; path = libHyphenateSDK.a; sourceTree = "<group>"; };
		C20E3D421DD1EC8B009D63A8 /* CoreMedia.framework */ = {isa = PBXFileReference; lastKnownFileType = wrapper.framework; name = CoreMedia.framework; path = System/Library/Frameworks/CoreMedia.framework; sourceTree = SDKROOT; };
		C20E3D441DD1EC97009D63A8 /* AudioToolbox.framework */ = {isa = PBXFileReference; lastKnownFileType = wrapper.framework; name = AudioToolbox.framework; path = System/Library/Frameworks/AudioToolbox.framework; sourceTree = SDKROOT; };
		C20E3D461DD1ECA2009D63A8 /* AVFoundation.framework */ = {isa = PBXFileReference; lastKnownFileType = wrapper.framework; name = AVFoundation.framework; path = System/Library/Frameworks/AVFoundation.framework; sourceTree = SDKROOT; };
		C20E3D481DD1ECAD009D63A8 /* MobileCoreServices.framework */ = {isa = PBXFileReference; lastKnownFileType = wrapper.framework; name = MobileCoreServices.framework; path = System/Library/Frameworks/MobileCoreServices.framework; sourceTree = SDKROOT; };
		C20E3D4A1DD1ECBA009D63A8 /* ImageIO.framework */ = {isa = PBXFileReference; lastKnownFileType = wrapper.framework; name = ImageIO.framework; path = System/Library/Frameworks/ImageIO.framework; sourceTree = SDKROOT; };
		C20E3D4C1DD1ECDD009D63A8 /* libc++.tbd */ = {isa = PBXFileReference; lastKnownFileType = "sourcecode.text-based-dylib-definition"; name = "libc++.tbd"; path = "usr/lib/libc++.tbd"; sourceTree = SDKROOT; };
		C20E3D4E1DD1ECEF009D63A8 /* libz.tbd */ = {isa = PBXFileReference; lastKnownFileType = "sourcecode.text-based-dylib-definition"; name = libz.tbd; path = usr/lib/libz.tbd; sourceTree = SDKROOT; };
		C20E3D501DD1ED01009D63A8 /* libstdc++.6.0.9.tbd */ = {isa = PBXFileReference; lastKnownFileType = "sourcecode.text-based-dylib-definition"; name = "libstdc++.6.0.9.tbd"; path = "usr/lib/libstdc++.6.0.9.tbd"; sourceTree = SDKROOT; };
		C20E3D521DD1ED1E009D63A8 /* libsqlite3.tbd */ = {isa = PBXFileReference; lastKnownFileType = "sourcecode.text-based-dylib-definition"; name = libsqlite3.tbd; path = usr/lib/libsqlite3.tbd; sourceTree = SDKROOT; };
		C20E3D541DD1EF80009D63A8 /* PrefixHeader.pch */ = {isa = PBXFileReference; fileEncoding = 4; lastKnownFileType = sourcecode.c.h; path = PrefixHeader.pch; sourceTree = "<group>"; };
		C20E3D551DD1F406009D63A8 /* CCQLoginViewController.h */ = {isa = PBXFileReference; fileEncoding = 4; lastKnownFileType = sourcecode.c.h; path = CCQLoginViewController.h; sourceTree = "<group>"; };
		C20E3D561DD1F406009D63A8 /* CCQLoginViewController.m */ = {isa = PBXFileReference; fileEncoding = 4; lastKnownFileType = sourcecode.c.objc; path = CCQLoginViewController.m; sourceTree = "<group>"; };
		C258E2B81DD1DDE6003C5763 /* CCQchat.app */ = {isa = PBXFileReference; explicitFileType = wrapper.application; includeInIndex = 0; path = CCQchat.app; sourceTree = BUILT_PRODUCTS_DIR; };
		C258E2BC1DD1DDE6003C5763 /* main.m */ = {isa = PBXFileReference; lastKnownFileType = sourcecode.c.objc; path = main.m; sourceTree = "<group>"; };
		C258E2BE1DD1DDE6003C5763 /* AppDelegate.h */ = {isa = PBXFileReference; lastKnownFileType = sourcecode.c.h; path = AppDelegate.h; sourceTree = "<group>"; };
		C258E2BF1DD1DDE6003C5763 /* AppDelegate.m */ = {isa = PBXFileReference; lastKnownFileType = sourcecode.c.objc; path = AppDelegate.m; sourceTree = "<group>"; };
		C258E2C11DD1DDE6003C5763 /* ViewController.h */ = {isa = PBXFileReference; lastKnownFileType = sourcecode.c.h; path = ViewController.h; sourceTree = "<group>"; };
		C258E2C21DD1DDE6003C5763 /* ViewController.m */ = {isa = PBXFileReference; lastKnownFileType = sourcecode.c.objc; path = ViewController.m; sourceTree = "<group>"; };
		C258E2C51DD1DDE6003C5763 /* Base */ = {isa = PBXFileReference; lastKnownFileType = file.storyboard; name = Base; path = Base.lproj/Main.storyboard; sourceTree = "<group>"; };
		C258E2C71DD1DDE6003C5763 /* Assets.xcassets */ = {isa = PBXFileReference; lastKnownFileType = folder.assetcatalog; path = Assets.xcassets; sourceTree = "<group>"; };
		C258E2CA1DD1DDE6003C5763 /* Base */ = {isa = PBXFileReference; lastKnownFileType = file.storyboard; name = Base; path = Base.lproj/LaunchScreen.storyboard; sourceTree = "<group>"; };
		C258E2CC1DD1DDE6003C5763 /* Info.plist */ = {isa = PBXFileReference; lastKnownFileType = text.plist.xml; path = Info.plist; sourceTree = "<group>"; };
/* End PBXFileReference section */

/* Begin PBXFrameworksBuildPhase section */
		C258E2B51DD1DDE5003C5763 /* Frameworks */ = {
			isa = PBXFrameworksBuildPhase;
			buildActionMask = 2147483647;
			files = (
				C20E3D531DD1ED1E009D63A8 /* libsqlite3.tbd in Frameworks */,
				C20E3D511DD1ED01009D63A8 /* libstdc++.6.0.9.tbd in Frameworks */,
				C20E3D4F1DD1ECEF009D63A8 /* libz.tbd in Frameworks */,
				C20E3D4D1DD1ECDD009D63A8 /* libc++.tbd in Frameworks */,
				C20E3D4B1DD1ECBA009D63A8 /* ImageIO.framework in Frameworks */,
				C20E3D491DD1ECAD009D63A8 /* MobileCoreServices.framework in Frameworks */,
				C20E3D471DD1ECA2009D63A8 /* AVFoundation.framework in Frameworks */,
				C20E3D451DD1EC97009D63A8 /* AudioToolbox.framework in Frameworks */,
				C20E3D431DD1EC8B009D63A8 /* CoreMedia.framework in Frameworks */,
				C20E3D3F1DD1E696009D63A8 /* libHyphenateSDK.a in Frameworks */,
			);
			runOnlyForDeploymentPostprocessing = 0;
		};
/* End PBXFrameworksBuildPhase section */

/* Begin PBXGroup section */
		C20E3D1C1DD1E695009D63A8 /* HyphenateSDK */ = {
			isa = PBXGroup;
			children = (
				C20E3D1D1DD1E695009D63A8 /* include */,
				C20E3D3D1DD1E696009D63A8 /* lib */,
			);
			path = HyphenateSDK;
			sourceTree = "<group>";
		};
		C20E3D1D1DD1E695009D63A8 /* include */ = {
			isa = PBXGroup;
			children = (
				C20E3D1E1DD1E695009D63A8 /* EMChatManagerDelegate.h */,
				C20E3D1F1DD1E695009D63A8 /* EMChatroom.h */,
				C20E3D201DD1E695009D63A8 /* EMChatroomManagerDelegate.h */,
				C20E3D211DD1E695009D63A8 /* EMClient.h */,
				C20E3D221DD1E695009D63A8 /* EMClientDelegate.h */,
				C20E3D231DD1E695009D63A8 /* EMCmdMessageBody.h */,
				C20E3D241DD1E695009D63A8 /* EMCommonDefs.h */,
				C20E3D251DD1E695009D63A8 /* EMContactManagerDelegate.h */,
				C20E3D261DD1E695009D63A8 /* EMConversation.h */,
				C20E3D271DD1E695009D63A8 /* EMCursorResult.h */,
				C20E3D281DD1E695009D63A8 /* EMError.h */,
				C20E3D291DD1E695009D63A8 /* EMErrorCode.h */,
				C20E3D2A1DD1E695009D63A8 /* EMFileMessageBody.h */,
				C20E3D2B1DD1E696009D63A8 /* EMGroup.h */,
				C20E3D2C1DD1E696009D63A8 /* EMGroupManagerDelegate.h */,
				C20E3D2D1DD1E696009D63A8 /* EMGroupOptions.h */,
				C20E3D2E1DD1E696009D63A8 /* EMImageMessageBody.h */,
				C20E3D2F1DD1E696009D63A8 /* EMLocationMessageBody.h */,
				C20E3D301DD1E696009D63A8 /* EMMessage.h */,
				C20E3D311DD1E696009D63A8 /* EMMessageBody.h */,
				C20E3D321DD1E696009D63A8 /* EMOptions+PrivateDeploy.h */,
				C20E3D331DD1E696009D63A8 /* EMOptions.h */,
				C20E3D341DD1E696009D63A8 /* EMPushOptions.h */,
				C20E3D351DD1E696009D63A8 /* EMSDK.h */,
				C20E3D361DD1E696009D63A8 /* EMTextMessageBody.h */,
				C20E3D371DD1E696009D63A8 /* EMVideoMessageBody.h */,
				C20E3D381DD1E696009D63A8 /* EMVoiceMessageBody.h */,
				C20E3D391DD1E696009D63A8 /* IEMChatManager.h */,
				C20E3D3A1DD1E696009D63A8 /* IEMChatroomManager.h */,
				C20E3D3B1DD1E696009D63A8 /* IEMContactManager.h */,
				C20E3D3C1DD1E696009D63A8 /* IEMGroupManager.h */,
			);
			path = include;
			sourceTree = "<group>";
		};
		C20E3D3D1DD1E696009D63A8 /* lib */ = {
			isa = PBXGroup;
			children = (
				C20E3D3E1DD1E696009D63A8 /* libHyphenateSDK.a */,
			);
			path = lib;
			sourceTree = "<group>";
		};
		C20E3D401DD1E69C009D63A8 /* lib */ = {
			isa = PBXGroup;
			children = (
				C20E3D1C1DD1E695009D63A8 /* HyphenateSDK */,
			);
			name = lib;
			sourceTree = "<group>";
		};
		C20E3D411DD1EC8B009D63A8 /* Frameworks */ = {
			isa = PBXGroup;
			children = (
				C20E3D521DD1ED1E009D63A8 /* libsqlite3.tbd */,
				C20E3D501DD1ED01009D63A8 /* libstdc++.6.0.9.tbd */,
				C20E3D4E1DD1ECEF009D63A8 /* libz.tbd */,
				C20E3D4C1DD1ECDD009D63A8 /* libc++.tbd */,
				C20E3D4A1DD1ECBA009D63A8 /* ImageIO.framework */,
				C20E3D481DD1ECAD009D63A8 /* MobileCoreServices.framework */,
				C20E3D461DD1ECA2009D63A8 /* AVFoundation.framework */,
				C20E3D441DD1EC97009D63A8 /* AudioToolbox.framework */,
				C20E3D421DD1EC8B009D63A8 /* CoreMedia.framework */,
			);
			name = Frameworks;
			sourceTree = "<group>";
		};
		C20E3D581DD1F417009D63A8 /* Controller */ = {
			isa = PBXGroup;
			children = (
				C20E3D591DD1F420009D63A8 /* Login */,
			);
			name = Controller;
			sourceTree = "<group>";
		};
		C20E3D591DD1F420009D63A8 /* Login */ = {
			isa = PBXGroup;
			children = (
				C20E3D551DD1F406009D63A8 /* CCQLoginViewController.h */,
				C20E3D561DD1F406009D63A8 /* CCQLoginViewController.m */,
			);
			name = Login;
			sourceTree = "<group>";
		};
		C258E2AF1DD1DDE5003C5763 = {
			isa = PBXGroup;
			children = (
				C258E2BA1DD1DDE6003C5763 /* CCQchat */,
				C258E2B91DD1DDE6003C5763 /* Products */,
				C20E3D411DD1EC8B009D63A8 /* Frameworks */,
			);
			sourceTree = "<group>";
		};
		C258E2B91DD1DDE6003C5763 /* Products */ = {
			isa = PBXGroup;
			children = (
				C258E2B81DD1DDE6003C5763 /* CCQchat.app */,
			);
			name = Products;
			sourceTree = "<group>";
		};
		C258E2BA1DD1DDE6003C5763 /* CCQchat */ = {
			isa = PBXGroup;
			children = (
				C20E3D581DD1F417009D63A8 /* Controller */,
				C20E3D401DD1E69C009D63A8 /* lib */,
				C258E2BE1DD1DDE6003C5763 /* AppDelegate.h */,
				C258E2BF1DD1DDE6003C5763 /* AppDelegate.m */,
				C258E2C11DD1DDE6003C5763 /* ViewController.h */,
				C258E2C21DD1DDE6003C5763 /* ViewController.m */,
				C258E2C41DD1DDE6003C5763 /* Main.storyboard */,
				C258E2C71DD1DDE6003C5763 /* Assets.xcassets */,
				C258E2C91DD1DDE6003C5763 /* LaunchScreen.storyboard */,
				C258E2CC1DD1DDE6003C5763 /* Info.plist */,
				C258E2BB1DD1DDE6003C5763 /* Supporting Files */,
			);
			path = CCQchat;
			sourceTree = "<group>";
		};
		C258E2BB1DD1DDE6003C5763 /* Supporting Files */ = {
			isa = PBXGroup;
			children = (
				C258E2BC1DD1DDE6003C5763 /* main.m */,
				C20E3D541DD1EF80009D63A8 /* PrefixHeader.pch */,
			);
			name = "Supporting Files";
			sourceTree = "<group>";
		};
/* End PBXGroup section */

/* Begin PBXNativeTarget section */
		C258E2B71DD1DDE5003C5763 /* CCQchat */ = {
			isa = PBXNativeTarget;
			buildConfigurationList = C258E2CF1DD1DDE6003C5763 /* Build configuration list for PBXNativeTarget "CCQchat" */;
			buildPhases = (
				C258E2B41DD1DDE5003C5763 /* Sources */,
				C258E2B51DD1DDE5003C5763 /* Frameworks */,
				C258E2B61DD1DDE5003C5763 /* Resources */,
			);
			buildRules = (
			);
			dependencies = (
			);
			name = CCQchat;
			productName = CCQchat;
			productReference = C258E2B81DD1DDE6003C5763 /* CCQchat.app */;
			productType = "com.apple.product-type.application";
		};
/* End PBXNativeTarget section */

/* Begin PBXProject section */
		C258E2B01DD1DDE5003C5763 /* Project object */ = {
			isa = PBXProject;
			attributes = {
				LastUpgradeCheck = 0810;
				ORGANIZATIONNAME = ccq;
				TargetAttributes = {
					C258E2B71DD1DDE5003C5763 = {
						CreatedOnToolsVersion = 8.1;
						DevelopmentTeam = HCPQ4JRW53;
						ProvisioningStyle = Automatic;
					};
				};
			};
			buildConfigurationList = C258E2B31DD1DDE5003C5763 /* Build configuration list for PBXProject "CCQchat" */;
			compatibilityVersion = "Xcode 3.2";
			developmentRegion = English;
			hasScannedForEncodings = 0;
			knownRegions = (
				en,
				Base,
			);
			mainGroup = C258E2AF1DD1DDE5003C5763;
			productRefGroup = C258E2B91DD1DDE6003C5763 /* Products */;
			projectDirPath = "";
			projectRoot = "";
			targets = (
				C258E2B71DD1DDE5003C5763 /* CCQchat */,
			);
		};
/* End PBXProject section */

/* Begin PBXResourcesBuildPhase section */
		C258E2B61DD1DDE5003C5763 /* Resources */ = {
			isa = PBXResourcesBuildPhase;
			buildActionMask = 2147483647;
			files = (
				C258E2CB1DD1DDE6003C5763 /* LaunchScreen.storyboard in Resources */,
				C258E2C81DD1DDE6003C5763 /* Assets.xcassets in Resources */,
				C258E2C61DD1DDE6003C5763 /* Main.storyboard in Resources */,
			);
			runOnlyForDeploymentPostprocessing = 0;
		};
/* End PBXResourcesBuildPhase section */

/* Begin PBXSourcesBuildPhase section */
		C258E2B41DD1DDE5003C5763 /* Sources */ = {
			isa = PBXSourcesBuildPhase;
			buildActionMask = 2147483647;
			files = (
				C258E2C31DD1DDE6003C5763 /* ViewController.m in Sources */,
				C258E2C01DD1DDE6003C5763 /* AppDelegate.m in Sources */,
				C20E3D571DD1F406009D63A8 /* CCQLoginViewController.m in Sources */,
				C258E2BD1DD1DDE6003C5763 /* main.m in Sources */,
			);
			runOnlyForDeploymentPostprocessing = 0;
		};
/* End PBXSourcesBuildPhase section */

/* Begin PBXVariantGroup section */
		C258E2C41DD1DDE6003C5763 /* Main.storyboard */ = {
			isa = PBXVariantGroup;
			children = (
				C258E2C51DD1DDE6003C5763 /* Base */,
			);
			name = Main.storyboard;
			sourceTree = "<group>";
		};
		C258E2C91DD1DDE6003C5763 /* LaunchScreen.storyboard */ = {
			isa = PBXVariantGroup;
			children = (
				C258E2CA1DD1DDE6003C5763 /* Base */,
			);
			name = LaunchScreen.storyboard;
			sourceTree = "<group>";
		};
/* End PBXVariantGroup section */

/* Begin XCBuildConfiguration section */
		C258E2CD1DD1DDE6003C5763 /* Debug */ = {
			isa = XCBuildConfiguration;
			buildSettings = {
				ALWAYS_SEARCH_USER_PATHS = NO;
				CLANG_ANALYZER_NONNULL = YES;
				CLANG_CXX_LANGUAGE_STANDARD = "gnu++0x";
				CLANG_CXX_LIBRARY = "libc++";
				CLANG_ENABLE_MODULES = YES;
				CLANG_ENABLE_OBJC_ARC = YES;
				CLANG_WARN_BOOL_CONVERSION = YES;
				CLANG_WARN_CONSTANT_CONVERSION = YES;
				CLANG_WARN_DIRECT_OBJC_ISA_USAGE = YES_ERROR;
				CLANG_WARN_DOCUMENTATION_COMMENTS = YES;
				CLANG_WARN_EMPTY_BODY = YES;
				CLANG_WARN_ENUM_CONVERSION = YES;
				CLANG_WARN_INFINITE_RECURSION = YES;
				CLANG_WARN_INT_CONVERSION = YES;
				CLANG_WARN_OBJC_ROOT_CLASS = YES_ERROR;
				CLANG_WARN_SUSPICIOUS_MOVES = YES;
				CLANG_WARN_UNREACHABLE_CODE = YES;
				CLANG_WARN__DUPLICATE_METHOD_MATCH = YES;
				"CODE_SIGN_IDENTITY[sdk=iphoneos*]" = "iPhone Developer";
				COPY_PHASE_STRIP = NO;
				DEBUG_INFORMATION_FORMAT = dwarf;
				ENABLE_STRICT_OBJC_MSGSEND = YES;
				ENABLE_TESTABILITY = YES;
				GCC_C_LANGUAGE_STANDARD = gnu99;
				GCC_DYNAMIC_NO_PIC = NO;
				GCC_NO_COMMON_BLOCKS = YES;
				GCC_OPTIMIZATION_LEVEL = 0;
				GCC_PREPROCESSOR_DEFINITIONS = (
					"DEBUG=1",
					"$(inherited)",
				);
				GCC_WARN_64_TO_32_BIT_CONVERSION = YES;
				GCC_WARN_ABOUT_RETURN_TYPE = YES_ERROR;
				GCC_WARN_UNDECLARED_SELECTOR = YES;
				GCC_WARN_UNINITIALIZED_AUTOS = YES_AGGRESSIVE;
				GCC_WARN_UNUSED_FUNCTION = YES;
				GCC_WARN_UNUSED_VARIABLE = YES;
				IPHONEOS_DEPLOYMENT_TARGET = 10.1;
				MTL_ENABLE_DEBUG_INFO = YES;
				ONLY_ACTIVE_ARCH = YES;
				SDKROOT = iphoneos;
			};
			name = Debug;
		};
		C258E2CE1DD1DDE6003C5763 /* Release */ = {
			isa = XCBuildConfiguration;
			buildSettings = {
				ALWAYS_SEARCH_USER_PATHS = NO;
				CLANG_ANALYZER_NONNULL = YES;
				CLANG_CXX_LANGUAGE_STANDARD = "gnu++0x";
				CLANG_CXX_LIBRARY = "libc++";
				CLANG_ENABLE_MODULES = YES;
				CLANG_ENABLE_OBJC_ARC = YES;
				CLANG_WARN_BOOL_CONVERSION = YES;
				CLANG_WARN_CONSTANT_CONVERSION = YES;
				CLANG_WARN_DIRECT_OBJC_ISA_USAGE = YES_ERROR;
				CLANG_WARN_DOCUMENTATION_COMMENTS = YES;
				CLANG_WARN_EMPTY_BODY = YES;
				CLANG_WARN_ENUM_CONVERSION = YES;
				CLANG_WARN_INFINITE_RECURSION = YES;
				CLANG_WARN_INT_CONVERSION = YES;
				CLANG_WARN_OBJC_ROOT_CLASS = YES_ERROR;
				CLANG_WARN_SUSPICIOUS_MOVES = YES;
				CLANG_WARN_UNREACHABLE_CODE = YES;
				CLANG_WARN__DUPLICATE_METHOD_MATCH = YES;
				"CODE_SIGN_IDENTITY[sdk=iphoneos*]" = "iPhone Developer";
				COPY_PHASE_STRIP = NO;
				DEBUG_INFORMATION_FORMAT = "dwarf-with-dsym";
				ENABLE_NS_ASSERTIONS = NO;
				ENABLE_STRICT_OBJC_MSGSEND = YES;
				GCC_C_LANGUAGE_STANDARD = gnu99;
				GCC_NO_COMMON_BLOCKS = YES;
				GCC_WARN_64_TO_32_BIT_CONVERSION = YES;
				GCC_WARN_ABOUT_RETURN_TYPE = YES_ERROR;
				GCC_WARN_UNDECLARED_SELECTOR = YES;
				GCC_WARN_UNINITIALIZED_AUTOS = YES_AGGRESSIVE;
				GCC_WARN_UNUSED_FUNCTION = YES;
				GCC_WARN_UNUSED_VARIABLE = YES;
				IPHONEOS_DEPLOYMENT_TARGET = 10.1;
				MTL_ENABLE_DEBUG_INFO = NO;
				SDKROOT = iphoneos;
				VALIDATE_PRODUCT = YES;
			};
			name = Release;
		};
		C258E2D01DD1DDE6003C5763 /* Debug */ = {
			isa = XCBuildConfiguration;
			buildSettings = {
				ASSETCATALOG_COMPILER_APPICON_NAME = AppIcon;
				ASSETCATALOG_COMPILER_LAUNCHIMAGE_NAME = LaunchImage;
				DEVELOPMENT_TEAM = HCPQ4JRW53;
				GCC_PREFIX_HEADER = CCQchat/PrefixHeader.pch;
				INFOPLIST_FILE = CCQchat/Info.plist;
				LD_RUNPATH_SEARCH_PATHS = "$(inherited) @executable_path/Frameworks";
				LIBRARY_SEARCH_PATHS = (
					"$(inherited)",
					"$(PROJECT_DIR)/CCQchat/HyphenateSDK/lib",
				);
				PRODUCT_BUNDLE_IDENTIFIER = ccq.sundusk.ios.CCQchat;
				PRODUCT_NAME = "$(TARGET_NAME)";
			};
			name = Debug;
		};
		C258E2D11DD1DDE6003C5763 /* Release */ = {
			isa = XCBuildConfiguration;
			buildSettings = {
				ASSETCATALOG_COMPILER_APPICON_NAME = AppIcon;
				ASSETCATALOG_COMPILER_LAUNCHIMAGE_NAME = LaunchImage;
				DEVELOPMENT_TEAM = HCPQ4JRW53;
				GCC_PREFIX_HEADER = CCQchat/PrefixHeader.pch;
				INFOPLIST_FILE = CCQchat/Info.plist;
				LD_RUNPATH_SEARCH_PATHS = "$(inherited) @executable_path/Frameworks";
				LIBRARY_SEARCH_PATHS = (
					"$(inherited)",
					"$(PROJECT_DIR)/CCQchat/HyphenateSDK/lib",
				);
				PRODUCT_BUNDLE_IDENTIFIER = ccq.sundusk.ios.CCQchat;
				PRODUCT_NAME = "$(TARGET_NAME)";
			};
			name = Release;
		};
/* End XCBuildConfiguration section */

/* Begin XCConfigurationList section */
		C258E2B31DD1DDE5003C5763 /* Build configuration list for PBXProject "CCQchat" */ = {
			isa = XCConfigurationList;
			buildConfigurations = (
				C258E2CD1DD1DDE6003C5763 /* Debug */,
				C258E2CE1DD1DDE6003C5763 /* Release */,
			);
			defaultConfigurationIsVisible = 0;
			defaultConfigurationName = Release;
		};
		C258E2CF1DD1DDE6003C5763 /* Build configuration list for PBXNativeTarget "CCQchat" */ = {
			isa = XCConfigurationList;
			buildConfigurations = (
				C258E2D01DD1DDE6003C5763 /* Debug */,
				C258E2D11DD1DDE6003C5763 /* Release */,
			);
			defaultConfigurationIsVisible = 0;
			defaultConfigurationName = Release;
		};
/* End XCConfigurationList section */
	};
	rootObject = C258E2B01DD1DDE5003C5763 /* Project object */;
}
